
Microsoft Visual Studio Solution File, Format Version 12.00
# Visual Studio Version 17
VisualStudioVersion = 17.9.34701.34
MinimumVisualStudioVersion = 10.0.40219.1
Project("{FAE04EC0-301F-11D3-BF4B-00C04F79EFBC}") = "OOP_Assignment_5", "OOP_Assignment_5.csproj", "{E553CF01-3F28-4D88-AE18-255BC781F25A}"
EndProject
Global
	GlobalSection(SolutionConfigurationPlatforms) = preSolution
		Debug|Any CPU = Debug|Any CPU
		Release|Any CPU = Release|Any CPU
	EndGlobalSection
	GlobalSection(ProjectConfigurationPlatforms) = postSolution
		{E553CF01-3F28-4D88-AE18-255BC781F25A}.Debug|Any CPU.ActiveCfg = Debug|Any CPU
		{E553CF01-3F28-4D88-AE18-255BC781F25A}.Debug|Any CPU.Build.0 = Debug|Any CPU
		{E553CF01-3F28-4D88-AE18-255BC781F25A}.Release|Any CPU.ActiveCfg = Release|Any CPU
		{E553CF01-3F28-4D88-AE18-255BC781F25A}.Release|Any CPU.Build.0 = Release|Any CPU
	EndGlobalSection
	GlobalSection(SolutionProperties) = preSolution
		HideSolutionNode = FALSE
	EndGlobalSection
	GlobalSection(ExtensibilityGlobals) = postSolution
		SolutionGuid = {07E08061-A8F8-4EA4-8F38-C746E5C32A6F}
	EndGlobalSection
EndGlobal
