
Microsoft Visual Studio Solution File, Format Version 12.00
# Visual Studio Version 17
VisualStudioVersion = 17.9.34701.34
MinimumVisualStudioVersion = 10.0.40219.1
Project("{FAE04EC0-301F-11D3-BF4B-00C04F79EFBC}") = "OOP_Assignment_6", "OOP_Assignment_6.csproj", "{BF3DB853-118F-414D-B618-9107D3ADB0EE}"
EndProject
Global
	GlobalSection(SolutionConfigurationPlatforms) = preSolution
		Debug|Any CPU = Debug|Any CPU
		Release|Any CPU = Release|Any CPU
	EndGlobalSection
	GlobalSection(ProjectConfigurationPlatforms) = postSolution
		{BF3DB853-118F-414D-B618-9107D3ADB0EE}.Debug|Any CPU.ActiveCfg = Debug|Any CPU
		{BF3DB853-118F-414D-B618-9107D3ADB0EE}.Debug|Any CPU.Build.0 = Debug|Any CPU
		{BF3DB853-118F-414D-B618-9107D3ADB0EE}.Release|Any CPU.ActiveCfg = Release|Any CPU
		{BF3DB853-118F-414D-B618-9107D3ADB0EE}.Release|Any CPU.Build.0 = Release|Any CPU
	EndGlobalSection
	GlobalSection(SolutionProperties) = preSolution
		HideSolutionNode = FALSE
	EndGlobalSection
	GlobalSection(ExtensibilityGlobals) = postSolution
		SolutionGuid = {B3A1DFF9-D451-4175-909D-E3A959440E2A}
	EndGlobalSection
EndGlobal
