
Microsoft Visual Studio Solution File, Format Version 12.00
# Visual Studio Version 17
VisualStudioVersion = 17.9.34701.34
MinimumVisualStudioVersion = 10.0.40219.1
Project("{FAE04EC0-301F-11D3-BF4B-00C04F79EFBC}") = "OOP_Assignment_4", "OOP_Assignment_4.csproj", "{A617C9FE-E2E8-419C-9FC2-397D6C893BAA}"
EndProject
Global
	GlobalSection(SolutionConfigurationPlatforms) = preSolution
		Debug|Any CPU = Debug|Any CPU
		Release|Any CPU = Release|Any CPU
	EndGlobalSection
	GlobalSection(ProjectConfigurationPlatforms) = postSolution
		{A617C9FE-E2E8-419C-9FC2-397D6C893BAA}.Debug|Any CPU.ActiveCfg = Debug|Any CPU
		{A617C9FE-E2E8-419C-9FC2-397D6C893BAA}.Debug|Any CPU.Build.0 = Debug|Any CPU
		{A617C9FE-E2E8-419C-9FC2-397D6C893BAA}.Release|Any CPU.ActiveCfg = Release|Any CPU
		{A617C9FE-E2E8-419C-9FC2-397D6C893BAA}.Release|Any CPU.Build.0 = Release|Any CPU
	EndGlobalSection
	GlobalSection(SolutionProperties) = preSolution
		HideSolutionNode = FALSE
	EndGlobalSection
	GlobalSection(ExtensibilityGlobals) = postSolution
		SolutionGuid = {0AEFBB0F-BA82-45F8-9DD0-74ECDF5DD1BA}
	EndGlobalSection
EndGlobal
